// !$*UTF8*$!
{
	archiveVersion = 1;
	classes = {
	};
	objectVersion = 46;
	objects = {

/* Begin PBXBuildFile section */
		162C8E801DDBEA3100B4192B /* main.m in Sources */ = {isa = PBXBuildFile; fileRef = 162C8E7F1DDBEA3100B4192B /* main.m */; };
		162C8E8B1DDBEA3100B4192B /* Assets.xcassets in Resources */ = {isa = PBXBuildFile; fileRef = 162C8E8A1DDBEA3100B4192B /* Assets.xcassets */; };
		162C8E8E1DDBEA3100B4192B /* LaunchScreen.storyboard in Resources */ = {isa = PBXBuildFile; fileRef = 162C8E8C1DDBEA3100B4192B /* LaunchScreen.storyboard */; };
		162C8E991DDBEA3100B4192B /* __________Tests.m in Sources */ = {isa = PBXBuildFile; fileRef = 162C8E981DDBEA3100B4192B /* __________Tests.m */; };
		162C8EA41DDBEA3100B4192B /* __________UITests.m in Sources */ = {isa = PBXBuildFile; fileRef = 162C8EA31DDBEA3100B4192B /* __________UITests.m */; };
		162C8EB91DDBEB3900B4192B /* AppDelegate.m in Sources */ = {isa = PBXBuildFile; fileRef = 162C8EB81DDBEB3900B4192B /* AppDelegate.m */; };
		162C8EBF1DDBED2600B4192B /* ADOMainViewController.m in Sources */ = {isa = PBXBuildFile; fileRef = 162C8EBE1DDBED2600B4192B /* ADOMainViewController.m */; };
		162C8EC21DDBEE1000B4192B /* ADOMenuTableView.m in Sources */ = {isa = PBXBuildFile; fileRef = 162C8EC11DDBEE1000B4192B /* ADOMenuTableView.m */; };
		162C8EC51DDBEE6200B4192B /* ADOMenuWebView.m in Sources */ = {isa = PBXBuildFile; fileRef = 162C8EC41DDBEE6200B4192B /* ADOMenuWebView.m */; };
/* End PBXBuildFile section */

/* Begin PBXContainerItemProxy section */
		162C8E951DDBEA3100B4192B /* PBXContainerItemProxy */ = {
			isa = PBXContainerItemProxy;
			containerPortal = 162C8E731DDBEA3100B4192B /* Project object */;
			proxyType = 1;
			remoteGlobalIDString = 162C8E7A1DDBEA3100B4192B;
			remoteInfo = "仿淘宝上拉进入详情页";
		};
		162C8EA01DDBEA3100B4192B /* PBXContainerItemProxy */ = {
			isa = PBXContainerItemProxy;
			containerPortal = 162C8E731DDBEA3100B4192B /* Project object */;
			proxyType = 1;
			remoteGlobalIDString = 162C8E7A1DDBEA3100B4192B;
			remoteInfo = "仿淘宝上拉进入详情页";
		};
/* End PBXContainerItemProxy section */

/* Begin PBXFileReference section */
		162C8E7B1DDBEA3100B4192B /* 仿淘宝上拉进入详情页.app */ = {isa = PBXFileReference; explicitFileType = wrapper.application; includeInIndex = 0; path = "仿淘宝上拉进入详情页.app"; sourceTree = BUILT_PRODUCTS_DIR; };
		162C8E7F1DDBEA3100B4192B /* main.m */ = {isa = PBXFileReference; lastKnownFileType = sourcecode.c.objc; path = main.m; sourceTree = "<group>"; };
		162C8E8A1DDBEA3100B4192B /* Assets.xcassets */ = {isa = PBXFileReference; lastKnownFileType = folder.assetcatalog; path = Assets.xcassets; sourceTree = "<group>"; };
		162C8E8D1DDBEA3100B4192B /* Base */ = {isa = PBXFileReference; lastKnownFileType = file.storyboard; name = Base; path = Base.lproj/LaunchScreen.storyboard; sourceTree = "<group>"; };
		162C8E8F1DDBEA3100B4192B /* Info.plist */ = {isa = PBXFileReference; lastKnownFileType = text.plist.xml; path = Info.plist; sourceTree = "<group>"; };
		162C8E941DDBEA3100B4192B /* 仿淘宝上拉进入详情页Tests.xctest */ = {isa = PBXFileReference; explicitFileType = wrapper.cfbundle; includeInIndex = 0; path = "仿淘宝上拉进入详情页Tests.xctest"; sourceTree = BUILT_PRODUCTS_DIR; };
		162C8E981DDBEA3100B4192B /* __________Tests.m */ = {isa = PBXFileReference; lastKnownFileType = sourcecode.c.objc; path = "__________Tests.m"; sourceTree = "<group>"; };
		162C8E9A1DDBEA3100B4192B /* Info.plist */ = {isa = PBXFileReference; lastKnownFileType = text.plist.xml; path = Info.plist; sourceTree = "<group>"; };
		162C8E9F1DDBEA3100B4192B /* 仿淘宝上拉进入详情页UITests.xctest */ = {isa = PBXFileReference; explicitFileType = wrapper.cfbundle; includeInIndex = 0; path = "仿淘宝上拉进入详情页UITests.xctest"; sourceTree = BUILT_PRODUCTS_DIR; };
		162C8EA31DDBEA3100B4192B /* __________UITests.m */ = {isa = PBXFileReference; lastKnownFileType = sourcecode.c.objc; path = "__________UITests.m"; sourceTree = "<group>"; };
		162C8EA51DDBEA3100B4192B /* Info.plist */ = {isa = PBXFileReference; lastKnownFileType = text.plist.xml; path = Info.plist; sourceTree = "<group>"; };
		162C8EB71DDBEB3900B4192B /* AppDelegate.h */ = {isa = PBXFileReference; fileEncoding = 4; lastKnownFileType = sourcecode.c.h; path = AppDelegate.h; sourceTree = "<group>"; };
		162C8EB81DDBEB3900B4192B /* AppDelegate.m */ = {isa = PBXFileReference; fileEncoding = 4; lastKnownFileType = sourcecode.c.objc; path = AppDelegate.m; sourceTree = "<group>"; };
		162C8EBD1DDBED2600B4192B /* ADOMainViewController.h */ = {isa = PBXFileReference; fileEncoding = 4; lastKnownFileType = sourcecode.c.h; path = ADOMainViewController.h; sourceTree = "<group>"; };
		162C8EBE1DDBED2600B4192B /* ADOMainViewController.m */ = {isa = PBXFileReference; fileEncoding = 4; lastKnownFileType = sourcecode.c.objc; path = ADOMainViewController.m; sourceTree = "<group>"; };
		162C8EC01DDBEE1000B4192B /* ADOMenuTableView.h */ = {isa = PBXFileReference; fileEncoding = 4; lastKnownFileType = sourcecode.c.h; path = ADOMenuTableView.h; sourceTree = "<group>"; };
		162C8EC11DDBEE1000B4192B /* ADOMenuTableView.m */ = {isa = PBXFileReference; fileEncoding = 4; lastKnownFileType = sourcecode.c.objc; path = ADOMenuTableView.m; sourceTree = "<group>"; };
		162C8EC31DDBEE6200B4192B /* ADOMenuWebView.h */ = {isa = PBXFileReference; fileEncoding = 4; lastKnownFileType = sourcecode.c.h; path = ADOMenuWebView.h; sourceTree = "<group>"; };
		162C8EC41DDBEE6200B4192B /* ADOMenuWebView.m */ = {isa = PBXFileReference; fileEncoding = 4; lastKnownFileType = sourcecode.c.objc; path = ADOMenuWebView.m; sourceTree = "<group>"; };
/* End PBXFileReference section */

/* Begin PBXFrameworksBuildPhase section */
		162C8E781DDBEA3100B4192B /* Frameworks */ = {
			isa = PBXFrameworksBuildPhase;
			buildActionMask = 2147483647;
			files = (
			);
			runOnlyForDeploymentPostprocessing = 0;
		};
		162C8E911DDBEA3100B4192B /* Frameworks */ = {
			isa = PBXFrameworksBuildPhase;
			buildActionMask = 2147483647;
			files = (
			);
			runOnlyForDeploymentPostprocessing = 0;
		};
		162C8E9C1DDBEA3100B4192B /* Frameworks */ = {
			isa = PBXFrameworksBuildPhase;
			buildActionMask = 2147483647;
			files = (
			);
			runOnlyForDeploymentPostprocessing = 0;
		};
/* End PBXFrameworksBuildPhase section */

/* Begin PBXGroup section */
		162C8E721DDBEA3000B4192B = {
			isa = PBXGroup;
			children = (
				162C8E7D1DDBEA3100B4192B /* 仿淘宝上拉进入详情页 */,
				162C8E971DDBEA3100B4192B /* 仿淘宝上拉进入详情页Tests */,
				162C8EA21DDBEA3100B4192B /* 仿淘宝上拉进入详情页UITests */,
				162C8E7C1DDBEA3100B4192B /* Products */,
			);
			sourceTree = "<group>";
		};
		162C8E7C1DDBEA3100B4192B /* Products */ = {
			isa = PBXGroup;
			children = (
				162C8E7B1DDBEA3100B4192B /* 仿淘宝上拉进入详情页.app */,
				162C8E941DDBEA3100B4192B /* 仿淘宝上拉进入详情页Tests.xctest */,
				162C8E9F1DDBEA3100B4192B /* 仿淘宝上拉进入详情页UITests.xctest */,
			);
			name = Products;
			sourceTree = "<group>";
		};
		162C8E7D1DDBEA3100B4192B /* 仿淘宝上拉进入详情页 */ = {
			isa = PBXGroup;
			children = (
				162C8EB61DDBEB3900B4192B /* Other */,
				162C8EB11DDBEB0A00B4192B /* Controller */,
				162C8EB41DDBEB0A00B4192B /* View */,
				162C8E8A1DDBEA3100B4192B /* Assets.xcassets */,
				162C8E8C1DDBEA3100B4192B /* LaunchScreen.storyboard */,
				162C8E8F1DDBEA3100B4192B /* Info.plist */,
				162C8E7E1DDBEA3100B4192B /* Supporting Files */,
			);
			path = "仿淘宝上拉进入详情页";
			sourceTree = "<group>";
		};
		162C8E7E1DDBEA3100B4192B /* Supporting Files */ = {
			isa = PBXGroup;
			children = (
				162C8E7F1DDBEA3100B4192B /* main.m */,
			);
			name = "Supporting Files";
			sourceTree = "<group>";
		};
		162C8E971DDBEA3100B4192B /* 仿淘宝上拉进入详情页Tests */ = {
			isa = PBXGroup;
			children = (
				162C8E981DDBEA3100B4192B /* __________Tests.m */,
				162C8E9A1DDBEA3100B4192B /* Info.plist */,
			);
			path = "仿淘宝上拉进入详情页Tests";
			sourceTree = "<group>";
		};
		162C8EA21DDBEA3100B4192B /* 仿淘宝上拉进入详情页UITests */ = {
			isa = PBXGroup;
			children = (
				162C8EA31DDBEA3100B4192B /* __________UITests.m */,
				162C8EA51DDBEA3100B4192B /* Info.plist */,
			);
			path = "仿淘宝上拉进入详情页UITests";
			sourceTree = "<group>";
		};
		162C8EB11DDBEB0A00B4192B /* Controller */ = {
			isa = PBXGroup;
			children = (
				162C8EBD1DDBED2600B4192B /* ADOMainViewController.h */,
				162C8EBE1DDBED2600B4192B /* ADOMainViewController.m */,
			);
			path = Controller;
			sourceTree = "<group>";
		};
		162C8EB41DDBEB0A00B4192B /* View */ = {
			isa = PBXGroup;
			children = (
				162C8EC01DDBEE1000B4192B /* ADOMenuTableView.h */,
				162C8EC11DDBEE1000B4192B /* ADOMenuTableView.m */,
				162C8EC31DDBEE6200B4192B /* ADOMenuWebView.h */,
				162C8EC41DDBEE6200B4192B /* ADOMenuWebView.m */,
			);
			path = View;
			sourceTree = "<group>";
		};
		162C8EB61DDBEB3900B4192B /* Other */ = {
			isa = PBXGroup;
			children = (
				162C8EB71DDBEB3900B4192B /* AppDelegate.h */,
				162C8EB81DDBEB3900B4192B /* AppDelegate.m */,
			);
			path = Other;
			sourceTree = "<group>";
		};
/* End PBXGroup section */

/* Begin PBXNativeTarget section */
		162C8E7A1DDBEA3100B4192B /* 仿淘宝上拉进入详情页 */ = {
			isa = PBXNativeTarget;
			buildConfigurationList = 162C8EA81DDBEA3100B4192B /* Build configuration list for PBXNativeTarget "仿淘宝上拉进入详情页" */;
			buildPhases = (
				162C8E771DDBEA3100B4192B /* Sources */,
				162C8E781DDBEA3100B4192B /* Frameworks */,
				162C8E791DDBEA3100B4192B /* Resources */,
			);
			buildRules = (
			);
			dependencies = (
			);
			name = "仿淘宝上拉进入详情页";
			productName = "仿淘宝上拉进入详情页";
			productReference = 162C8E7B1DDBEA3100B4192B /* 仿淘宝上拉进入详情页.app */;
			productType = "com.apple.product-type.application";
		};
		162C8E931DDBEA3100B4192B /* 仿淘宝上拉进入详情页Tests */ = {
			isa = PBXNativeTarget;
			buildConfigurationList = 162C8EAB1DDBEA3100B4192B /* Build configuration list for PBXNativeTarget "仿淘宝上拉进入详情页Tests" */;
			buildPhases = (
				162C8E901DDBEA3100B4192B /* Sources */,
				162C8E911DDBEA3100B4192B /* Frameworks */,
				162C8E921DDBEA3100B4192B /* Resources */,
			);
			buildRules = (
			);
			dependencies = (
				162C8E961DDBEA3100B4192B /* PBXTargetDependency */,
			);
			name = "仿淘宝上拉进入详情页Tests";
			productName = "仿淘宝上拉进入详情页Tests";
			productReference = 162C8E941DDBEA3100B4192B /* 仿淘宝上拉进入详情页Tests.xctest */;
			productType = "com.apple.product-type.bundle.unit-test";
		};
		162C8E9E1DDBEA3100B4192B /* 仿淘宝上拉进入详情页UITests */ = {
			isa = PBXNativeTarget;
			buildConfigurationList = 162C8EAE1DDBEA3100B4192B /* Build configuration list for PBXNativeTarget "仿淘宝上拉进入详情页UITests" */;
			buildPhases = (
				162C8E9B1DDBEA3100B4192B /* Sources */,
				162C8E9C1DDBEA3100B4192B /* Frameworks */,
				162C8E9D1DDBEA3100B4192B /* Resources */,
			);
			buildRules = (
			);
			dependencies = (
				162C8EA11DDBEA3100B4192B /* PBXTargetDependency */,
			);
			name = "仿淘宝上拉进入详情页UITests";
			productName = "仿淘宝上拉进入详情页UITests";
			productReference = 162C8E9F1DDBEA3100B4192B /* 仿淘宝上拉进入详情页UITests.xctest */;
			productType = "com.apple.product-type.bundle.ui-testing";
		};
/* End PBXNativeTarget section */

/* Begin PBXProject section */
		162C8E731DDBEA3100B4192B /* Project object */ = {
			isa = PBXProject;
			attributes = {
				CLASSPREFIX = ADO;
				LastUpgradeCheck = 0800;
				ORGANIZATIONNAME = "王奥东";
				TargetAttributes = {
					162C8E7A1DDBEA3100B4192B = {
						CreatedOnToolsVersion = 8.0;
						ProvisioningStyle = Automatic;
					};
					162C8E931DDBEA3100B4192B = {
						CreatedOnToolsVersion = 8.0;
						ProvisioningStyle = Automatic;
						TestTargetID = 162C8E7A1DDBEA3100B4192B;
					};
					162C8E9E1DDBEA3100B4192B = {
						CreatedOnToolsVersion = 8.0;
						ProvisioningStyle = Automatic;
						TestTargetID = 162C8E7A1DDBEA3100B4192B;
					};
				};
			};
			buildConfigurationList = 162C8E761DDBEA3100B4192B /* Build configuration list for PBXProject "仿淘宝上拉进入详情页" */;
			compatibilityVersion = "Xcode 3.2";
			developmentRegion = English;
			hasScannedForEncodings = 0;
			knownRegions = (
				en,
				Base,
			);
			mainGroup = 162C8E721DDBEA3000B4192B;
			productRefGroup = 162C8E7C1DDBEA3100B4192B /* Products */;
			projectDirPath = "";
			projectRoot = "";
			targets = (
				162C8E7A1DDBEA3100B4192B /* 仿淘宝上拉进入详情页 */,
				162C8E931DDBEA3100B4192B /* 仿淘宝上拉进入详情页Tests */,
				162C8E9E1DDBEA3100B4192B /* 仿淘宝上拉进入详情页UITests */,
			);
		};
/* End PBXProject section */

/* Begin PBXResourcesBuildPhase section */
		162C8E791DDBEA3100B4192B /* Resources */ = {
			isa = PBXResourcesBuildPhase;
			buildActionMask = 2147483647;
			files = (
				162C8E8E1DDBEA3100B4192B /* LaunchScreen.storyboard in Resources */,
				162C8E8B1DDBEA3100B4192B /* Assets.xcassets in Resources */,
			);
			runOnlyForDeploymentPostprocessing = 0;
		};
		162C8E921DDBEA3100B4192B /* Resources */ = {
			isa = PBXResourcesBuildPhase;
			buildActionMask = 2147483647;
			files = (
			);
			runOnlyForDeploymentPostprocessing = 0;
		};
		162C8E9D1DDBEA3100B4192B /* Resources */ = {
			isa = PBXResourcesBuildPhase;
			buildActionMask = 2147483647;
			files = (
			);
			runOnlyForDeploymentPostprocessing = 0;
		};
/* End PBXResourcesBuildPhase section */

/* Begin PBXSourcesBuildPhase section */
		162C8E771DDBEA3100B4192B /* Sources */ = {
			isa = PBXSourcesBuildPhase;
			buildActionMask = 2147483647;
			files = (
				162C8EC51DDBEE6200B4192B /* ADOMenuWebView.m in Sources */,
				162C8E801DDBEA3100B4192B /* main.m in Sources */,
				162C8EC21DDBEE1000B4192B /* ADOMenuTableView.m in Sources */,
				162C8EBF1DDBED2600B4192B /* ADOMainViewController.m in Sources */,
				162C8EB91DDBEB3900B4192B /* AppDelegate.m in Sources */,
			);
			runOnlyForDeploymentPostprocessing = 0;
		};
		162C8E901DDBEA3100B4192B /* Sources */ = {
			isa = PBXSourcesBuildPhase;
			buildActionMask = 2147483647;
			files = (
				162C8E991DDBEA3100B4192B /* __________Tests.m in Sources */,
			);
			runOnlyForDeploymentPostprocessing = 0;
		};
		162C8E9B1DDBEA3100B4192B /* Sources */ = {
			isa = PBXSourcesBuildPhase;
			buildActionMask = 2147483647;
			files = (
				162C8EA41DDBEA3100B4192B /* __________UITests.m in Sources */,
			);
			runOnlyForDeploymentPostprocessing = 0;
		};
/* End PBXSourcesBuildPhase section */

/* Begin PBXTargetDependency section */
		162C8E961DDBEA3100B4192B /* PBXTargetDependency */ = {
			isa = PBXTargetDependency;
			target = 162C8E7A1DDBEA3100B4192B /* 仿淘宝上拉进入详情页 */;
			targetProxy = 162C8E951DDBEA3100B4192B /* PBXContainerItemProxy */;
		};
		162C8EA11DDBEA3100B4192B /* PBXTargetDependency */ = {
			isa = PBXTargetDependency;
			target = 162C8E7A1DDBEA3100B4192B /* 仿淘宝上拉进入详情页 */;
			targetProxy = 162C8EA01DDBEA3100B4192B /* PBXContainerItemProxy */;
		};
/* End PBXTargetDependency section */

/* Begin PBXVariantGroup section */
		162C8E8C1DDBEA3100B4192B /* LaunchScreen.storyboard */ = {
			isa = PBXVariantGroup;
			children = (
				162C8E8D1DDBEA3100B4192B /* Base */,
			);
			name = LaunchScreen.storyboard;
			sourceTree = "<group>";
		};
/* End PBXVariantGroup section */

/* Begin XCBuildConfiguration section */
		162C8EA61DDBEA3100B4192B /* Debug */ = {
			isa = XCBuildConfiguration;
			buildSettings = {
				ALWAYS_SEARCH_USER_PATHS = NO;
				CLANG_ANALYZER_NONNULL = YES;
				CLANG_CXX_LANGUAGE_STANDARD = "gnu++0x";
				CLANG_CXX_LIBRARY = "libc++";
				CLANG_ENABLE_MODULES = YES;
				CLANG_ENABLE_OBJC_ARC = YES;
				CLANG_WARN_BOOL_CONVERSION = YES;
				CLANG_WARN_CONSTANT_CONVERSION = YES;
				CLANG_WARN_DIRECT_OBJC_ISA_USAGE = YES_ERROR;
				CLANG_WARN_DOCUMENTATION_COMMENTS = YES;
				CLANG_WARN_EMPTY_BODY = YES;
				CLANG_WARN_ENUM_CONVERSION = YES;
				CLANG_WARN_INFINITE_RECURSION = YES;
				CLANG_WARN_INT_CONVERSION = YES;
				CLANG_WARN_OBJC_ROOT_CLASS = YES_ERROR;
				CLANG_WARN_SUSPICIOUS_MOVES = YES;
				CLANG_WARN_UNREACHABLE_CODE = YES;
				CLANG_WARN__DUPLICATE_METHOD_MATCH = YES;
				"CODE_SIGN_IDENTITY[sdk=iphoneos*]" = "iPhone Developer";
				COPY_PHASE_STRIP = NO;
				DEBUG_INFORMATION_FORMAT = dwarf;
				ENABLE_STRICT_OBJC_MSGSEND = YES;
				ENABLE_TESTABILITY = YES;
				GCC_C_LANGUAGE_STANDARD = gnu99;
				GCC_DYNAMIC_NO_PIC = NO;
				GCC_NO_COMMON_BLOCKS = YES;
				GCC_OPTIMIZATION_LEVEL = 0;
				GCC_PREPROCESSOR_DEFINITIONS = (
					"DEBUG=1",
					"$(inherited)",
				);
				GCC_WARN_64_TO_32_BIT_CONVERSION = YES;
				GCC_WARN_ABOUT_RETURN_TYPE = YES_ERROR;
				GCC_WARN_UNDECLARED_SELECTOR = YES;
				GCC_WARN_UNINITIALIZED_AUTOS = YES_AGGRESSIVE;
				GCC_WARN_UNUSED_FUNCTION = YES;
				GCC_WARN_UNUSED_VARIABLE = YES;
				IPHONEOS_DEPLOYMENT_TARGET = 10.0;
				MTL_ENABLE_DEBUG_INFO = YES;
				ONLY_ACTIVE_ARCH = YES;
				SDKROOT = iphoneos;
				TARGETED_DEVICE_FAMILY = "1,2";
			};
			name = Debug;
		};
		162C8EA71DDBEA3100B4192B /* Release */ = {
			isa = XCBuildConfiguration;
			buildSettings = {
				ALWAYS_SEARCH_USER_PATHS = NO;
				CLANG_ANALYZER_NONNULL = YES;
				CLANG_CXX_LANGUAGE_STANDARD = "gnu++0x";
				CLANG_CXX_LIBRARY = "libc++";
				CLANG_ENABLE_MODULES = YES;
				CLANG_ENABLE_OBJC_ARC = YES;
				CLANG_WARN_BOOL_CONVERSION = YES;
				CLANG_WARN_CONSTANT_CONVERSION = YES;
				CLANG_WARN_DIRECT_OBJC_ISA_USAGE = YES_ERROR;
				CLANG_WARN_DOCUMENTATION_COMMENTS = YES;
				CLANG_WARN_EMPTY_BODY = YES;
				CLANG_WARN_ENUM_CONVERSION = YES;
				CLANG_WARN_INFINITE_RECURSION = YES;
				CLANG_WARN_INT_CONVERSION = YES;
				CLANG_WARN_OBJC_ROOT_CLASS = YES_ERROR;
				CLANG_WARN_SUSPICIOUS_MOVES = YES;
				CLANG_WARN_UNREACHABLE_CODE = YES;
				CLANG_WARN__DUPLICATE_METHOD_MATCH = YES;
				"CODE_SIGN_IDENTITY[sdk=iphoneos*]" = "iPhone Developer";
				COPY_PHASE_STRIP = NO;
				DEBUG_INFORMATION_FORMAT = "dwarf-with-dsym";
				ENABLE_NS_ASSERTIONS = NO;
				ENABLE_STRICT_OBJC_MSGSEND = YES;
				GCC_C_LANGUAGE_STANDARD = gnu99;
				GCC_NO_COMMON_BLOCKS = YES;
				GCC_WARN_64_TO_32_BIT_CONVERSION = YES;
				GCC_WARN_ABOUT_RETURN_TYPE = YES_ERROR;
				GCC_WARN_UNDECLARED_SELECTOR = YES;
				GCC_WARN_UNINITIALIZED_AUTOS = YES_AGGRESSIVE;
				GCC_WARN_UNUSED_FUNCTION = YES;
				GCC_WARN_UNUSED_VARIABLE = YES;
				IPHONEOS_DEPLOYMENT_TARGET = 10.0;
				MTL_ENABLE_DEBUG_INFO = NO;
				SDKROOT = iphoneos;
				TARGETED_DEVICE_FAMILY = "1,2";
				VALIDATE_PRODUCT = YES;
			};
			name = Release;
		};
		162C8EA91DDBEA3100B4192B /* Debug */ = {
			isa = XCBuildConfiguration;
			buildSettings = {
				ASSETCATALOG_COMPILER_APPICON_NAME = AppIcon;
				INFOPLIST_FILE = "仿淘宝上拉进入详情页/Info.plist";
				IPHONEOS_DEPLOYMENT_TARGET = 8.0;
				LD_RUNPATH_SEARCH_PATHS = "$(inherited) @executable_path/Frameworks";
				PRODUCT_BUNDLE_IDENTIFIER = "com.aodong.----------";
				PRODUCT_NAME = "$(TARGET_NAME)";
			};
			name = Debug;
		};
		162C8EAA1DDBEA3100B4192B /* Release */ = {
			isa = XCBuildConfiguration;
			buildSettings = {
				ASSETCATALOG_COMPILER_APPICON_NAME = AppIcon;
				INFOPLIST_FILE = "仿淘宝上拉进入详情页/Info.plist";
				IPHONEOS_DEPLOYMENT_TARGET = 8.0;
				LD_RUNPATH_SEARCH_PATHS = "$(inherited) @executable_path/Frameworks";
				PRODUCT_BUNDLE_IDENTIFIER = "com.aodong.----------";
				PRODUCT_NAME = "$(TARGET_NAME)";
			};
			name = Release;
		};
		162C8EAC1DDBEA3100B4192B /* Debug */ = {
			isa = XCBuildConfiguration;
			buildSettings = {
				BUNDLE_LOADER = "$(TEST_HOST)";
				INFOPLIST_FILE = "仿淘宝上拉进入详情页Tests/Info.plist";
				LD_RUNPATH_SEARCH_PATHS = "$(inherited) @executable_path/Frameworks @loader_path/Frameworks";
				PRODUCT_BUNDLE_IDENTIFIER = "com.aodong.----------Tests";
				PRODUCT_NAME = "$(TARGET_NAME)";
				TEST_HOST = "$(BUILT_PRODUCTS_DIR)/仿淘宝上拉进入详情页.app/仿淘宝上拉进入详情页";
			};
			name = Debug;
		};
		162C8EAD1DDBEA3100B4192B /* Release */ = {
			isa = XCBuildConfiguration;
			buildSettings = {
				BUNDLE_LOADER = "$(TEST_HOST)";
				INFOPLIST_FILE = "仿淘宝上拉进入详情页Tests/Info.plist";
				LD_RUNPATH_SEARCH_PATHS = "$(inherited) @executable_path/Frameworks @loader_path/Frameworks";
				PRODUCT_BUNDLE_IDENTIFIER = "com.aodong.----------Tests";
				PRODUCT_NAME = "$(TARGET_NAME)";
				TEST_HOST = "$(BUILT_PRODUCTS_DIR)/仿淘宝上拉进入详情页.app/仿淘宝上拉进入详情页";
			};
			name = Release;
		};
		162C8EAF1DDBEA3100B4192B /* Debug */ = {
			isa = XCBuildConfiguration;
			buildSettings = {
				INFOPLIST_FILE = "仿淘宝上拉进入详情页UITests/Info.plist";
				LD_RUNPATH_SEARCH_PATHS = "$(inherited) @executable_path/Frameworks @loader_path/Frameworks";
				PRODUCT_BUNDLE_IDENTIFIER = "com.aodong.----------UITests";
				PRODUCT_NAME = "$(TARGET_NAME)";
				TEST_TARGET_NAME = "仿淘宝上拉进入详情页";
			};
			name = Debug;
		};
		162C8EB01DDBEA3100B4192B /* Release */ = {
			isa = XCBuildConfiguration;
			buildSettings = {
				INFOPLIST_FILE = "仿淘宝上拉进入详情页UITests/Info.plist";
				LD_RUNPATH_SEARCH_PATHS = "$(inherited) @executable_path/Frameworks @loader_path/Frameworks";
				PRODUCT_BUNDLE_IDENTIFIER = "com.aodong.----------UITests";
				PRODUCT_NAME = "$(TARGET_NAME)";
				TEST_TARGET_NAME = "仿淘宝上拉进入详情页";
			};
			name = Release;
		};
/* End XCBuildConfiguration section */

/* Begin XCConfigurationList section */
		162C8E761DDBEA3100B4192B /* Build configuration list for PBXProject "仿淘宝上拉进入详情页" */ = {
			isa = XCConfigurationList;
			buildConfigurations = (
				162C8EA61DDBEA3100B4192B /* Debug */,
				162C8EA71DDBEA3100B4192B /* Release */,
			);
			defaultConfigurationIsVisible = 0;
			defaultConfigurationName = Release;
		};
		162C8EA81DDBEA3100B4192B /* Build configuration list for PBXNativeTarget "仿淘宝上拉进入详情页" */ = {
			isa = XCConfigurationList;
			buildConfigurations = (
				162C8EA91DDBEA3100B4192B /* Debug */,
				162C8EAA1DDBEA3100B4192B /* Release */,
			);
			defaultConfigurationIsVisible = 0;
		};
		162C8EAB1DDBEA3100B4192B /* Build configuration list for PBXNativeTarget "仿淘宝上拉进入详情页Tests" */ = {
			isa = XCConfigurationList;
			buildConfigurations = (
				162C8EAC1DDBEA3100B4192B /* Debug */,
				162C8EAD1DDBEA3100B4192B /* Release */,
			);
			defaultConfigurationIsVisible = 0;
		};
		162C8EAE1DDBEA3100B4192B /* Build configuration list for PBXNativeTarget "仿淘宝上拉进入详情页UITests" */ = {
			isa = XCConfigurationList;
			buildConfigurations = (
				162C8EAF1DDBEA3100B4192B /* Debug */,
				162C8EB01DDBEA3100B4192B /* Release */,
			);
			defaultConfigurationIsVisible = 0;
		};
/* End XCConfigurationList section */
	};
	rootObject = 162C8E731DDBEA3100B4192B /* Project object */;
}
